lockfileVersion: '9.0'

settings:
  autoInstallPeers: true
  excludeLinksFromLockfile: false

importers:

  .:
    devDependencies:
      '@types/google-apps-script':
        specifier: ^1.0.91
        version: 1.0.91

packages:

  '@types/google-apps-script@1.0.91':
    resolution: {integrity: sha512-si93/GKuhaMPgbYUnGpU4jzqkid4+zxHi+Sm0IyGUJ/OPha5sM/hklGEyosSxsoE5Qkla3f7O64rJ05NdRQpJA==}

snapshots:

  '@types/google-apps-script@1.0.91': {}
